
Microsoft Visual Studio Solution File, Format Version 12.00
# Visual Studio Version 17
VisualStudioVersion = 17.7.34202.233
MinimumVisualStudioVersion = 10.0.40219.1
Project("{FAE04EC0-301F-11D3-BF4B-00C04F79EFBC}") = "GameJamMurderMystery", "GameJamMurderMystery\GameJamMurderMystery.csproj", "{1C624088-B0A2-4A0A-8DA0-02711888A3D5}"
EndProject
Global
	GlobalSection(SolutionConfigurationPlatforms) = preSolution
		Debug|Any CPU = Debug|Any CPU
		Release|Any CPU = Release|Any CPU
	EndGlobalSection
	GlobalSection(ProjectConfigurationPlatforms) = postSolution
		{1C624088-B0A2-4A0A-8DA0-02711888A3D5}.Debug|Any CPU.ActiveCfg = Debug|Any CPU
		{1C624088-B0A2-4A0A-8DA0-02711888A3D5}.Debug|Any CPU.Build.0 = Debug|Any CPU
		{1C624088-B0A2-4A0A-8DA0-02711888A3D5}.Release|Any CPU.ActiveCfg = Release|Any CPU
		{1C624088-B0A2-4A0A-8DA0-02711888A3D5}.Release|Any CPU.Build.0 = Release|Any CPU
	EndGlobalSection
	GlobalSection(SolutionProperties) = preSolution
		HideSolutionNode = FALSE
	EndGlobalSection
	GlobalSection(ExtensibilityGlobals) = postSolution
		SolutionGuid = {3DBDBAA0-0B42-42DA-B2B6-84C739B31036}
	EndGlobalSection
EndGlobal
